
Microsoft Visual Studio Solution File, Format Version 12.00
# Visual Studio Version 17
VisualStudioVersion = 17.0.31903.59
MinimumVisualStudioVersion = 10.0.40219.1
Project("{2150E333-8FDC-42A3-9474-1A3956D46DE8}") = "src", "src", "{827E0CD3-B72D-47B6-A68D-7590B98EB39B}"
EndProject
Project("{FAE04EC0-301F-11D3-BF4B-00C04F79EFBC}") = "HostPlatform.Domain", "src\HostPlatform.Domain\HostPlatform.Domain.csproj", "{637AAA13-F602-47F8-936B-60D639BF90B8}"
EndProject
Project("{FAE04EC0-301F-11D3-BF4B-00C04F79EFBC}") = "HostPlatform.Application", "src\HostPlatform.Application\HostPlatform.Application.csproj", "{E908ED7F-5B0C-44C7-BD76-732A7DBC12A6}"
EndProject
Project("{FAE04EC0-301F-11D3-BF4B-00C04F79EFBC}") = "HostPlatform.Infrastructure", "src\HostPlatform.Infrastructure\HostPlatform.Infrastructure.csproj", "{837355ED-C6B4-4A76-A388-63C0992D86BF}"
EndProject
Project("{FAE04EC0-301F-11D3-BF4B-00C04F79EFBC}") = "HostPlatform.Api", "src\HostPlatform.Api\HostPlatform.Api.csproj", "{36EC81DB-5904-4740-A1C7-CA95C1056BDA}"
EndProject
Project("{FAE04EC0-301F-11D3-BF4B-00C04F79EFBC}") = "HostPlatform.Protocols.Ncc", "src\HostPlatform.Protocols.Ncc\HostPlatform.Protocols.Ncc.csproj", "{91D2DE88-14C0-4A55-A3F7-1F991E481901}"
EndProject
Project("{FAE04EC0-301F-11D3-BF4B-00C04F79EFBC}") = "HostPlatform.Protocols.Dlog", "src\HostPlatform.Protocols.Dlog\HostPlatform.Protocols.Dlog.csproj", "{655EF81A-29DD-46AA-ABCB-3A664C650BB8}"
EndProject
Project("{FAE04EC0-301F-11D3-BF4B-00C04F79EFBC}") = "HostPlatform.Protocols.Tables", "src\HostPlatform.Protocols.Tables\HostPlatform.Protocols.Tables.csproj", "{404F1B8B-6B4C-45B7-B510-ABD692661E85}"
EndProject
Project("{FAE04EC0-301F-11D3-BF4B-00C04F79EFBC}") = "HostPlatform.Rating", "src\HostPlatform.Rating\HostPlatform.Rating.csproj", "{3168290A-E32A-4E5B-AC76-15CD761C9ADA}"
EndProject
Project("{FAE04EC0-301F-11D3-BF4B-00C04F79EFBC}") = "HostPlatform.Cards", "src\HostPlatform.Cards\HostPlatform.Cards.csproj", "{9B270A8E-B456-47B5-8379-F52E28622983}"
EndProject
Project("{FAE04EC0-301F-11D3-BF4B-00C04F79EFBC}") = "HostPlatform.Craft", "src\HostPlatform.Craft\HostPlatform.Craft.csproj", "{EC47CF90-382E-4581-B467-29A7ADA86455}"
EndProject
Project("{FAE04EC0-301F-11D3-BF4B-00C04F79EFBC}") = "HostPlatform.Firmware", "src\HostPlatform.Firmware\HostPlatform.Firmware.csproj", "{72A02B6F-B7E2-4D66-A4DB-6C7D9FD1C81E}"
EndProject
Project("{FAE04EC0-301F-11D3-BF4B-00C04F79EFBC}") = "HostPlatform.Worker", "src\HostPlatform.Worker\HostPlatform.Worker.csproj", "{995F2E6B-75B0-4C63-B078-C9A4BE2068DC}"
EndProject
Project("{FAE04EC0-301F-11D3-BF4B-00C04F79EFBC}") = "HostPlatform.Tests.Unit", "tests\HostPlatform.Tests.Unit\HostPlatform.Tests.Unit.csproj", "{7DBA1D17-9173-4649-A9FF-F2C37317126B}"
EndProject
Project("{FAE04EC0-301F-11D3-BF4B-00C04F79EFBC}") = "HostPlatform.Tests.Protocol", "tests\HostPlatform.Tests.Protocol\HostPlatform.Tests.Protocol.csproj", "{50D5705A-43CB-4230-8FFF-33192129D67D}"
EndProject
Project("{FAE04EC0-301F-11D3-BF4B-00C04F79EFBC}") = "HostPlatform.Tests.Integration", "tests\HostPlatform.Tests.Integration\HostPlatform.Tests.Integration.csproj", "{80C33A0F-D6C0-45A4-8293-B4C14D4C1606}"
EndProject
Project("{FAE04EC0-301F-11D3-BF4B-00C04F79EFBC}") = "HostPlatform.Tests.Golden", "tests\HostPlatform.Tests.Golden\HostPlatform.Tests.Golden.csproj", "{14B16B87-9944-41F2-92A9-AFA45DB82D30}"
EndProject
Project("{2150E333-8FDC-42A3-9474-1A3956D46DE8}") = "tools", "tools", "{07C2787E-EAC7-C090-1BA3-A61EC2A24D84}"
EndProject
Project("{FAE04EC0-301F-11D3-BF4B-00C04F79EFBC}") = "HostPlatform.Tools.NccReplay", "tools\HostPlatform.Tools.NccReplay\HostPlatform.Tools.NccReplay.csproj", "{603B86DA-8626-4526-A744-89CDA99EED9D}"
EndProject
Global
	GlobalSection(SolutionConfigurationPlatforms) = preSolution
		Debug|Any CPU = Debug|Any CPU
		Debug|x64 = Debug|x64
		Debug|x86 = Debug|x86
		Release|Any CPU = Release|Any CPU
		Release|x64 = Release|x64
		Release|x86 = Release|x86
	EndGlobalSection
	GlobalSection(ProjectConfigurationPlatforms) = postSolution
		{637AAA13-F602-47F8-936B-60D639BF90B8}.Debug|Any CPU.ActiveCfg = Debug|Any CPU
		{637AAA13-F602-47F8-936B-60D639BF90B8}.Debug|Any CPU.Build.0 = Debug|Any CPU
		{637AAA13-F602-47F8-936B-60D639BF90B8}.Debug|x64.ActiveCfg = Debug|Any CPU
		{637AAA13-F602-47F8-936B-60D639BF90B8}.Debug|x64.Build.0 = Debug|Any CPU
		{637AAA13-F602-47F8-936B-60D639BF90B8}.Debug|x86.ActiveCfg = Debug|Any CPU
		{637AAA13-F602-47F8-936B-60D639BF90B8}.Debug|x86.Build.0 = Debug|Any CPU
		{637AAA13-F602-47F8-936B-60D639BF90B8}.Release|Any CPU.ActiveCfg = Release|Any CPU
		{637AAA13-F602-47F8-936B-60D639BF90B8}.Release|Any CPU.Build.0 = Release|Any CPU
		{637AAA13-F602-47F8-936B-60D639BF90B8}.Release|x64.ActiveCfg = Release|Any CPU
		{637AAA13-F602-47F8-936B-60D639BF90B8}.Release|x64.Build.0 = Release|Any CPU
		{637AAA13-F602-47F8-936B-60D639BF90B8}.Release|x86.ActiveCfg = Release|Any CPU
		{637AAA13-F602-47F8-936B-60D639BF90B8}.Release|x86.Build.0 = Release|Any CPU
		{E908ED7F-5B0C-44C7-BD76-732A7DBC12A6}.Debug|Any CPU.ActiveCfg = Debug|Any CPU
		{E908ED7F-5B0C-44C7-BD76-732A7DBC12A6}.Debug|Any CPU.Build.0 = Debug|Any CPU
		{E908ED7F-5B0C-44C7-BD76-732A7DBC12A6}.Debug|x64.ActiveCfg = Debug|Any CPU
		{E908ED7F-5B0C-44C7-BD76-732A7DBC12A6}.Debug|x64.Build.0 = Debug|Any CPU
		{E908ED7F-5B0C-44C7-BD76-732A7DBC12A6}.Debug|x86.ActiveCfg = Debug|Any CPU
		{E908ED7F-5B0C-44C7-BD76-732A7DBC12A6}.Debug|x86.Build.0 = Debug|Any CPU
		{E908ED7F-5B0C-44C7-BD76-732A7DBC12A6}.Release|Any CPU.ActiveCfg = Release|Any CPU
		{E908ED7F-5B0C-44C7-BD76-732A7DBC12A6}.Release|Any CPU.Build.0 = Release|Any CPU
		{E908ED7F-5B0C-44C7-BD76-732A7DBC12A6}.Release|x64.ActiveCfg = Release|Any CPU
		{E908ED7F-5B0C-44C7-BD76-732A7DBC12A6}.Release|x64.Build.0 = Release|Any CPU
		{E908ED7F-5B0C-44C7-BD76-732A7DBC12A6}.Release|x86.ActiveCfg = Release|Any CPU
		{E908ED7F-5B0C-44C7-BD76-732A7DBC12A6}.Release|x86.Build.0 = Release|Any CPU
		{837355ED-C6B4-4A76-A388-63C0992D86BF}.Debug|Any CPU.ActiveCfg = Debug|Any CPU
		{837355ED-C6B4-4A76-A388-63C0992D86BF}.Debug|Any CPU.Build.0 = Debug|Any CPU
		{837355ED-C6B4-4A76-A388-63C0992D86BF}.Debug|x64.ActiveCfg = Debug|Any CPU
		{837355ED-C6B4-4A76-A388-63C0992D86BF}.Debug|x64.Build.0 = Debug|Any CPU
		{837355ED-C6B4-4A76-A388-63C0992D86BF}.Debug|x86.ActiveCfg = Debug|Any CPU
		{837355ED-C6B4-4A76-A388-63C0992D86BF}.Debug|x86.Build.0 = Debug|Any CPU
		{837355ED-C6B4-4A76-A388-63C0992D86BF}.Release|Any CPU.ActiveCfg = Release|Any CPU
		{837355ED-C6B4-4A76-A388-63C0992D86BF}.Release|Any CPU.Build.0 = Release|Any CPU
		{837355ED-C6B4-4A76-A388-63C0992D86BF}.Release|x64.ActiveCfg = Release|Any CPU
		{837355ED-C6B4-4A76-A388-63C0992D86BF}.Release|x64.Build.0 = Release|Any CPU
		{837355ED-C6B4-4A76-A388-63C0992D86BF}.Release|x86.ActiveCfg = Release|Any CPU
		{837355ED-C6B4-4A76-A388-63C0992D86BF}.Release|x86.Build.0 = Release|Any CPU
		{36EC81DB-5904-4740-A1C7-CA95C1056BDA}.Debug|Any CPU.ActiveCfg = Debug|Any CPU
		{36EC81DB-5904-4740-A1C7-CA95C1056BDA}.Debug|Any CPU.Build.0 = Debug|Any CPU
		{36EC81DB-5904-4740-A1C7-CA95C1056BDA}.Debug|x64.ActiveCfg = Debug|Any CPU
		{36EC81DB-5904-4740-A1C7-CA95C1056BDA}.Debug|x64.Build.0 = Debug|Any CPU
		{36EC81DB-5904-4740-A1C7-CA95C1056BDA}.Debug|x86.ActiveCfg = Debug|Any CPU
		{36EC81DB-5904-4740-A1C7-CA95C1056BDA}.Debug|x86.Build.0 = Debug|Any CPU
		{36EC81DB-5904-4740-A1C7-CA95C1056BDA}.Release|Any CPU.ActiveCfg = Release|Any CPU
		{36EC81DB-5904-4740-A1C7-CA95C1056BDA}.Release|Any CPU.Build.0 = Release|Any CPU
		{36EC81DB-5904-4740-A1C7-CA95C1056BDA}.Release|x64.ActiveCfg = Release|Any CPU
		{36EC81DB-5904-4740-A1C7-CA95C1056BDA}.Release|x64.Build.0 = Release|Any CPU
		{36EC81DB-5904-4740-A1C7-CA95C1056BDA}.Release|x86.ActiveCfg = Release|Any CPU
		{36EC81DB-5904-4740-A1C7-CA95C1056BDA}.Release|x86.Build.0 = Release|Any CPU
		{91D2DE88-14C0-4A55-A3F7-1F991E481901}.Debug|Any CPU.ActiveCfg = Debug|Any CPU
		{91D2DE88-14C0-4A55-A3F7-1F991E481901}.Debug|Any CPU.Build.0 = Debug|Any CPU
		{91D2DE88-14C0-4A55-A3F7-1F991E481901}.Debug|x64.ActiveCfg = Debug|Any CPU
		{91D2DE88-14C0-4A55-A3F7-1F991E481901}.Debug|x64.Build.0 = Debug|Any CPU
		{91D2DE88-14C0-4A55-A3F7-1F991E481901}.Debug|x86.ActiveCfg = Debug|Any CPU
		{91D2DE88-14C0-4A55-A3F7-1F991E481901}.Debug|x86.Build.0 = Debug|Any CPU
		{91D2DE88-14C0-4A55-A3F7-1F991E481901}.Release|Any CPU.ActiveCfg = Release|Any CPU
		{91D2DE88-14C0-4A55-A3F7-1F991E481901}.Release|Any CPU.Build.0 = Release|Any CPU
		{91D2DE88-14C0-4A55-A3F7-1F991E481901}.Release|x64.ActiveCfg = Release|Any CPU
		{91D2DE88-14C0-4A55-A3F7-1F991E481901}.Release|x64.Build.0 = Release|Any CPU
		{91D2DE88-14C0-4A55-A3F7-1F991E481901}.Release|x86.ActiveCfg = Release|Any CPU
		{91D2DE88-14C0-4A55-A3F7-1F991E481901}.Release|x86.Build.0 = Release|Any CPU
		{655EF81A-29DD-46AA-ABCB-3A664C650BB8}.Debug|Any CPU.ActiveCfg = Debug|Any CPU
		{655EF81A-29DD-46AA-ABCB-3A664C650BB8}.Debug|Any CPU.Build.0 = Debug|Any CPU
		{655EF81A-29DD-46AA-ABCB-3A664C650BB8}.Debug|x64.ActiveCfg = Debug|Any CPU
		{655EF81A-29DD-46AA-ABCB-3A664C650BB8}.Debug|x64.Build.0 = Debug|Any CPU
		{655EF81A-29DD-46AA-ABCB-3A664C650BB8}.Debug|x86.ActiveCfg = Debug|Any CPU
		{655EF81A-29DD-46AA-ABCB-3A664C650BB8}.Debug|x86.Build.0 = Debug|Any CPU
		{655EF81A-29DD-46AA-ABCB-3A664C650BB8}.Release|Any CPU.ActiveCfg = Release|Any CPU
		{655EF81A-29DD-46AA-ABCB-3A664C650BB8}.Release|Any CPU.Build.0 = Release|Any CPU
		{655EF81A-29DD-46AA-ABCB-3A664C650BB8}.Release|x64.ActiveCfg = Release|Any CPU
		{655EF81A-29DD-46AA-ABCB-3A664C650BB8}.Release|x64.Build.0 = Release|Any CPU
		{655EF81A-29DD-46AA-ABCB-3A664C650BB8}.Release|x86.ActiveCfg = Release|Any CPU
		{655EF81A-29DD-46AA-ABCB-3A664C650BB8}.Release|x86.Build.0 = Release|Any CPU
		{404F1B8B-6B4C-45B7-B510-ABD692661E85}.Debug|Any CPU.ActiveCfg = Debug|Any CPU
		{404F1B8B-6B4C-45B7-B510-ABD692661E85}.Debug|Any CPU.Build.0 = Debug|Any CPU
		{404F1B8B-6B4C-45B7-B510-ABD692661E85}.Debug|x64.ActiveCfg = Debug|Any CPU
		{404F1B8B-6B4C-45B7-B510-ABD692661E85}.Debug|x64.Build.0 = Debug|Any CPU
		{404F1B8B-6B4C-45B7-B510-ABD692661E85}.Debug|x86.ActiveCfg = Debug|Any CPU
		{404F1B8B-6B4C-45B7-B510-ABD692661E85}.Debug|x86.Build.0 = Debug|Any CPU
		{404F1B8B-6B4C-45B7-B510-ABD692661E85}.Release|Any CPU.ActiveCfg = Release|Any CPU
		{404F1B8B-6B4C-45B7-B510-ABD692661E85}.Release|Any CPU.Build.0 = Release|Any CPU
		{404F1B8B-6B4C-45B7-B510-ABD692661E85}.Release|x64.ActiveCfg = Release|Any CPU
		{404F1B8B-6B4C-45B7-B510-ABD692661E85}.Release|x64.Build.0 = Release|Any CPU
		{404F1B8B-6B4C-45B7-B510-ABD692661E85}.Release|x86.ActiveCfg = Release|Any CPU
		{404F1B8B-6B4C-45B7-B510-ABD692661E85}.Release|x86.Build.0 = Release|Any CPU
		{3168290A-E32A-4E5B-AC76-15CD761C9ADA}.Debug|Any CPU.ActiveCfg = Debug|Any CPU
		{3168290A-E32A-4E5B-AC76-15CD761C9ADA}.Debug|Any CPU.Build.0 = Debug|Any CPU
		{3168290A-E32A-4E5B-AC76-15CD761C9ADA}.Debug|x64.ActiveCfg = Debug|Any CPU
		{3168290A-E32A-4E5B-AC76-15CD761C9ADA}.Debug|x64.Build.0 = Debug|Any CPU
		{3168290A-E32A-4E5B-AC76-15CD761C9ADA}.Debug|x86.ActiveCfg = Debug|Any CPU
		{3168290A-E32A-4E5B-AC76-15CD761C9ADA}.Debug|x86.Build.0 = Debug|Any CPU
		{3168290A-E32A-4E5B-AC76-15CD761C9ADA}.Release|Any CPU.ActiveCfg = Release|Any CPU
		{3168290A-E32A-4E5B-AC76-15CD761C9ADA}.Release|Any CPU.Build.0 = Release|Any CPU
		{3168290A-E32A-4E5B-AC76-15CD761C9ADA}.Release|x64.ActiveCfg = Release|Any CPU
		{3168290A-E32A-4E5B-AC76-15CD761C9ADA}.Release|x64.Build.0 = Release|Any CPU
		{3168290A-E32A-4E5B-AC76-15CD761C9ADA}.Release|x86.ActiveCfg = Release|Any CPU
		{3168290A-E32A-4E5B-AC76-15CD761C9ADA}.Release|x86.Build.0 = Release|Any CPU
		{9B270A8E-B456-47B5-8379-F52E28622983}.Debug|Any CPU.ActiveCfg = Debug|Any CPU
		{9B270A8E-B456-47B5-8379-F52E28622983}.Debug|Any CPU.Build.0 = Debug|Any CPU
		{9B270A8E-B456-47B5-8379-F52E28622983}.Debug|x64.ActiveCfg = Debug|Any CPU
		{9B270A8E-B456-47B5-8379-F52E28622983}.Debug|x64.Build.0 = Debug|Any CPU
		{9B270A8E-B456-47B5-8379-F52E28622983}.Debug|x86.ActiveCfg = Debug|Any CPU
		{9B270A8E-B456-47B5-8379-F52E28622983}.Debug|x86.Build.0 = Debug|Any CPU
		{9B270A8E-B456-47B5-8379-F52E28622983}.Release|Any CPU.ActiveCfg = Release|Any CPU
		{9B270A8E-B456-47B5-8379-F52E28622983}.Release|Any CPU.Build.0 = Release|Any CPU
		{9B270A8E-B456-47B5-8379-F52E28622983}.Release|x64.ActiveCfg = Release|Any CPU
		{9B270A8E-B456-47B5-8379-F52E28622983}.Release|x64.Build.0 = Release|Any CPU
		{9B270A8E-B456-47B5-8379-F52E28622983}.Release|x86.ActiveCfg = Release|Any CPU
		{9B270A8E-B456-47B5-8379-F52E28622983}.Release|x86.Build.0 = Release|Any CPU
		{EC47CF90-382E-4581-B467-29A7ADA86455}.Debug|Any CPU.ActiveCfg = Debug|Any CPU
		{EC47CF90-382E-4581-B467-29A7ADA86455}.Debug|Any CPU.Build.0 = Debug|Any CPU
		{EC47CF90-382E-4581-B467-29A7ADA86455}.Debug|x64.ActiveCfg = Debug|Any CPU
		{EC47CF90-382E-4581-B467-29A7ADA86455}.Debug|x64.Build.0 = Debug|Any CPU
		{EC47CF90-382E-4581-B467-29A7ADA86455}.Debug|x86.ActiveCfg = Debug|Any CPU
		{EC47CF90-382E-4581-B467-29A7ADA86455}.Debug|x86.Build.0 = Debug|Any CPU
		{EC47CF90-382E-4581-B467-29A7ADA86455}.Release|Any CPU.ActiveCfg = Release|Any CPU
		{EC47CF90-382E-4581-B467-29A7ADA86455}.Release|Any CPU.Build.0 = Release|Any CPU
		{EC47CF90-382E-4581-B467-29A7ADA86455}.Release|x64.ActiveCfg = Release|Any CPU
		{EC47CF90-382E-4581-B467-29A7ADA86455}.Release|x64.Build.0 = Release|Any CPU
		{EC47CF90-382E-4581-B467-29A7ADA86455}.Release|x86.ActiveCfg = Release|Any CPU
		{EC47CF90-382E-4581-B467-29A7ADA86455}.Release|x86.Build.0 = Release|Any CPU
		{72A02B6F-B7E2-4D66-A4DB-6C7D9FD1C81E}.Debug|Any CPU.ActiveCfg = Debug|Any CPU
		{72A02B6F-B7E2-4D66-A4DB-6C7D9FD1C81E}.Debug|Any CPU.Build.0 = Debug|Any CPU
		{72A02B6F-B7E2-4D66-A4DB-6C7D9FD1C81E}.Debug|x64.ActiveCfg = Debug|Any CPU
		{72A02B6F-B7E2-4D66-A4DB-6C7D9FD1C81E}.Debug|x64.Build.0 = Debug|Any CPU
		{72A02B6F-B7E2-4D66-A4DB-6C7D9FD1C81E}.Debug|x86.ActiveCfg = Debug|Any CPU
		{72A02B6F-B7E2-4D66-A4DB-6C7D9FD1C81E}.Debug|x86.Build.0 = Debug|Any CPU
		{72A02B6F-B7E2-4D66-A4DB-6C7D9FD1C81E}.Release|Any CPU.ActiveCfg = Release|Any CPU
		{72A02B6F-B7E2-4D66-A4DB-6C7D9FD1C81E}.Release|Any CPU.Build.0 = Release|Any CPU
		{72A02B6F-B7E2-4D66-A4DB-6C7D9FD1C81E}.Release|x64.ActiveCfg = Release|Any CPU
		{72A02B6F-B7E2-4D66-A4DB-6C7D9FD1C81E}.Release|x64.Build.0 = Release|Any CPU
		{72A02B6F-B7E2-4D66-A4DB-6C7D9FD1C81E}.Release|x86.ActiveCfg = Release|Any CPU
		{72A02B6F-B7E2-4D66-A4DB-6C7D9FD1C81E}.Release|x86.Build.0 = Release|Any CPU
		{995F2E6B-75B0-4C63-B078-C9A4BE2068DC}.Debug|Any CPU.ActiveCfg = Debug|Any CPU
		{995F2E6B-75B0-4C63-B078-C9A4BE2068DC}.Debug|Any CPU.Build.0 = Debug|Any CPU
		{995F2E6B-75B0-4C63-B078-C9A4BE2068DC}.Debug|x64.ActiveCfg = Debug|Any CPU
		{995F2E6B-75B0-4C63-B078-C9A4BE2068DC}.Debug|x64.Build.0 = Debug|Any CPU
		{995F2E6B-75B0-4C63-B078-C9A4BE2068DC}.Debug|x86.ActiveCfg = Debug|Any CPU
		{995F2E6B-75B0-4C63-B078-C9A4BE2068DC}.Debug|x86.Build.0 = Debug|Any CPU
		{995F2E6B-75B0-4C63-B078-C9A4BE2068DC}.Release|Any CPU.ActiveCfg = Release|Any CPU
		{995F2E6B-75B0-4C63-B078-C9A4BE2068DC}.Release|Any CPU.Build.0 = Release|Any CPU
		{995F2E6B-75B0-4C63-B078-C9A4BE2068DC}.Release|x64.ActiveCfg = Release|Any CPU
		{995F2E6B-75B0-4C63-B078-C9A4BE2068DC}.Release|x64.Build.0 = Release|Any CPU
		{995F2E6B-75B0-4C63-B078-C9A4BE2068DC}.Release|x86.ActiveCfg = Release|Any CPU
		{995F2E6B-75B0-4C63-B078-C9A4BE2068DC}.Release|x86.Build.0 = Release|Any CPU
		{7DBA1D17-9173-4649-A9FF-F2C37317126B}.Debug|Any CPU.ActiveCfg = Debug|Any CPU
		{7DBA1D17-9173-4649-A9FF-F2C37317126B}.Debug|Any CPU.Build.0 = Debug|Any CPU
		{7DBA1D17-9173-4649-A9FF-F2C37317126B}.Debug|x64.ActiveCfg = Debug|Any CPU
		{7DBA1D17-9173-4649-A9FF-F2C37317126B}.Debug|x64.Build.0 = Debug|Any CPU
		{7DBA1D17-9173-4649-A9FF-F2C37317126B}.Debug|x86.ActiveCfg = Debug|Any CPU
		{7DBA1D17-9173-4649-A9FF-F2C37317126B}.Debug|x86.Build.0 = Debug|Any CPU
		{7DBA1D17-9173-4649-A9FF-F2C37317126B}.Release|Any CPU.ActiveCfg = Release|Any CPU
		{7DBA1D17-9173-4649-A9FF-F2C37317126B}.Release|Any CPU.Build.0 = Release|Any CPU
		{7DBA1D17-9173-4649-A9FF-F2C37317126B}.Release|x64.ActiveCfg = Release|Any CPU
		{7DBA1D17-9173-4649-A9FF-F2C37317126B}.Release|x64.Build.0 = Release|Any CPU
		{7DBA1D17-9173-4649-A9FF-F2C37317126B}.Release|x86.ActiveCfg = Release|Any CPU
		{7DBA1D17-9173-4649-A9FF-F2C37317126B}.Release|x86.Build.0 = Release|Any CPU
		{50D5705A-43CB-4230-8FFF-33192129D67D}.Debug|Any CPU.ActiveCfg = Debug|Any CPU
		{50D5705A-43CB-4230-8FFF-33192129D67D}.Debug|Any CPU.Build.0 = Debug|Any CPU
		{50D5705A-43CB-4230-8FFF-33192129D67D}.Debug|x64.ActiveCfg = Debug|Any CPU
		{50D5705A-43CB-4230-8FFF-33192129D67D}.Debug|x64.Build.0 = Debug|Any CPU
		{50D5705A-43CB-4230-8FFF-33192129D67D}.Debug|x86.ActiveCfg = Debug|Any CPU
		{50D5705A-43CB-4230-8FFF-33192129D67D}.Debug|x86.Build.0 = Debug|Any CPU
		{50D5705A-43CB-4230-8FFF-33192129D67D}.Release|Any CPU.ActiveCfg = Release|Any CPU
		{50D5705A-43CB-4230-8FFF-33192129D67D}.Release|Any CPU.Build.0 = Release|Any CPU
		{50D5705A-43CB-4230-8FFF-33192129D67D}.Release|x64.ActiveCfg = Release|Any CPU
		{50D5705A-43CB-4230-8FFF-33192129D67D}.Release|x64.Build.0 = Release|Any CPU
		{50D5705A-43CB-4230-8FFF-33192129D67D}.Release|x86.ActiveCfg = Release|Any CPU
		{50D5705A-43CB-4230-8FFF-33192129D67D}.Release|x86.Build.0 = Release|Any CPU
		{80C33A0F-D6C0-45A4-8293-B4C14D4C1606}.Debug|Any CPU.ActiveCfg = Debug|Any CPU
		{80C33A0F-D6C0-45A4-8293-B4C14D4C1606}.Debug|Any CPU.Build.0 = Debug|Any CPU
		{80C33A0F-D6C0-45A4-8293-B4C14D4C1606}.Debug|x64.ActiveCfg = Debug|Any CPU
		{80C33A0F-D6C0-45A4-8293-B4C14D4C1606}.Debug|x64.Build.0 = Debug|Any CPU
		{80C33A0F-D6C0-45A4-8293-B4C14D4C1606}.Debug|x86.ActiveCfg = Debug|Any CPU
		{80C33A0F-D6C0-45A4-8293-B4C14D4C1606}.Debug|x86.Build.0 = Debug|Any CPU
		{80C33A0F-D6C0-45A4-8293-B4C14D4C1606}.Release|Any CPU.ActiveCfg = Release|Any CPU
		{80C33A0F-D6C0-45A4-8293-B4C14D4C1606}.Release|Any CPU.Build.0 = Release|Any CPU
		{80C33A0F-D6C0-45A4-8293-B4C14D4C1606}.Release|x64.ActiveCfg = Release|Any CPU
		{80C33A0F-D6C0-45A4-8293-B4C14D4C1606}.Release|x64.Build.0 = Release|Any CPU
		{80C33A0F-D6C0-45A4-8293-B4C14D4C1606}.Release|x86.ActiveCfg = Release|Any CPU
		{80C33A0F-D6C0-45A4-8293-B4C14D4C1606}.Release|x86.Build.0 = Release|Any CPU
		{14B16B87-9944-41F2-92A9-AFA45DB82D30}.Debug|Any CPU.ActiveCfg = Debug|Any CPU
		{14B16B87-9944-41F2-92A9-AFA45DB82D30}.Debug|Any CPU.Build.0 = Debug|Any CPU
		{14B16B87-9944-41F2-92A9-AFA45DB82D30}.Debug|x64.ActiveCfg = Debug|Any CPU
		{14B16B87-9944-41F2-92A9-AFA45DB82D30}.Debug|x64.Build.0 = Debug|Any CPU
		{14B16B87-9944-41F2-92A9-AFA45DB82D30}.Debug|x86.ActiveCfg = Debug|Any CPU
		{14B16B87-9944-41F2-92A9-AFA45DB82D30}.Debug|x86.Build.0 = Debug|Any CPU
		{14B16B87-9944-41F2-92A9-AFA45DB82D30}.Release|Any CPU.ActiveCfg = Release|Any CPU
		{14B16B87-9944-41F2-92A9-AFA45DB82D30}.Release|Any CPU.Build.0 = Release|Any CPU
		{14B16B87-9944-41F2-92A9-AFA45DB82D30}.Release|x64.ActiveCfg = Release|Any CPU
		{14B16B87-9944-41F2-92A9-AFA45DB82D30}.Release|x64.Build.0 = Release|Any CPU
		{14B16B87-9944-41F2-92A9-AFA45DB82D30}.Release|x86.ActiveCfg = Release|Any CPU
		{14B16B87-9944-41F2-92A9-AFA45DB82D30}.Release|x86.Build.0 = Release|Any CPU
		{603B86DA-8626-4526-A744-89CDA99EED9D}.Debug|Any CPU.ActiveCfg = Debug|Any CPU
		{603B86DA-8626-4526-A744-89CDA99EED9D}.Debug|Any CPU.Build.0 = Debug|Any CPU
		{603B86DA-8626-4526-A744-89CDA99EED9D}.Debug|x64.ActiveCfg = Debug|Any CPU
		{603B86DA-8626-4526-A744-89CDA99EED9D}.Debug|x64.Build.0 = Debug|Any CPU
		{603B86DA-8626-4526-A744-89CDA99EED9D}.Debug|x86.ActiveCfg = Debug|Any CPU
		{603B86DA-8626-4526-A744-89CDA99EED9D}.Debug|x86.Build.0 = Debug|Any CPU
		{603B86DA-8626-4526-A744-89CDA99EED9D}.Release|Any CPU.ActiveCfg = Release|Any CPU
		{603B86DA-8626-4526-A744-89CDA99EED9D}.Release|Any CPU.Build.0 = Release|Any CPU
		{603B86DA-8626-4526-A744-89CDA99EED9D}.Release|x64.ActiveCfg = Release|Any CPU
		{603B86DA-8626-4526-A744-89CDA99EED9D}.Release|x64.Build.0 = Release|Any CPU
		{603B86DA-8626-4526-A744-89CDA99EED9D}.Release|x86.ActiveCfg = Release|Any CPU
		{603B86DA-8626-4526-A744-89CDA99EED9D}.Release|x86.Build.0 = Release|Any CPU
	EndGlobalSection
	GlobalSection(SolutionProperties) = preSolution
		HideSolutionNode = FALSE
	EndGlobalSection
	GlobalSection(NestedProjects) = preSolution
		{637AAA13-F602-47F8-936B-60D639BF90B8} = {827E0CD3-B72D-47B6-A68D-7590B98EB39B}
		{E908ED7F-5B0C-44C7-BD76-732A7DBC12A6} = {827E0CD3-B72D-47B6-A68D-7590B98EB39B}
		{837355ED-C6B4-4A76-A388-63C0992D86BF} = {827E0CD3-B72D-47B6-A68D-7590B98EB39B}
		{36EC81DB-5904-4740-A1C7-CA95C1056BDA} = {827E0CD3-B72D-47B6-A68D-7590B98EB39B}
		{91D2DE88-14C0-4A55-A3F7-1F991E481901} = {827E0CD3-B72D-47B6-A68D-7590B98EB39B}
		{655EF81A-29DD-46AA-ABCB-3A664C650BB8} = {827E0CD3-B72D-47B6-A68D-7590B98EB39B}
		{404F1B8B-6B4C-45B7-B510-ABD692661E85} = {827E0CD3-B72D-47B6-A68D-7590B98EB39B}
		{3168290A-E32A-4E5B-AC76-15CD761C9ADA} = {827E0CD3-B72D-47B6-A68D-7590B98EB39B}
		{9B270A8E-B456-47B5-8379-F52E28622983} = {827E0CD3-B72D-47B6-A68D-7590B98EB39B}
		{EC47CF90-382E-4581-B467-29A7ADA86455} = {827E0CD3-B72D-47B6-A68D-7590B98EB39B}
		{72A02B6F-B7E2-4D66-A4DB-6C7D9FD1C81E} = {827E0CD3-B72D-47B6-A68D-7590B98EB39B}
		{995F2E6B-75B0-4C63-B078-C9A4BE2068DC} = {827E0CD3-B72D-47B6-A68D-7590B98EB39B}
		{7DBA1D17-9173-4649-A9FF-F2C37317126B} = {827E0CD3-B72D-47B6-A68D-7590B98EB39B}
		{50D5705A-43CB-4230-8FFF-33192129D67D} = {827E0CD3-B72D-47B6-A68D-7590B98EB39B}
		{80C33A0F-D6C0-45A4-8293-B4C14D4C1606} = {827E0CD3-B72D-47B6-A68D-7590B98EB39B}
		{14B16B87-9944-41F2-92A9-AFA45DB82D30} = {827E0CD3-B72D-47B6-A68D-7590B98EB39B}
		{603B86DA-8626-4526-A744-89CDA99EED9D} = {07C2787E-EAC7-C090-1BA3-A61EC2A24D84}
	EndGlobalSection
EndGlobal
